// !$*UTF8*$!
{
	archiveVersion = 1;
	classes = {
	};
	objectVersion = 56;
	objects = {

/* Begin PBXBuildFile section */
		A16CE7092A9488E3000866CA /* AppDelegate.swift in Sources */ = {isa = PBXBuildFile; fileRef = A16CE7082A9488E3000866CA /* AppDelegate.swift */; };
		A16CE70B2A9488E3000866CA /* SceneDelegate.swift in Sources */ = {isa = PBXBuildFile; fileRef = A16CE70A2A9488E3000866CA /* SceneDelegate.swift */; };
		A16CE70D2A9488E3000866CA /* AllStatistics.swift in Sources */ = {isa = PBXBuildFile; fileRef = A16CE70C2A9488E3000866CA /* AllStatistics.swift */; };
		A16CE7102A9488E3000866CA /* Main.storyboard in Resources */ = {isa = PBXBuildFile; fileRef = A16CE70E2A9488E3000866CA /* Main.storyboard */; };
		A16CE7122A9488E5000866CA /* Assets.xcassets in Resources */ = {isa = PBXBuildFile; fileRef = A16CE7112A9488E5000866CA /* Assets.xcassets */; };
		A16CE7152A9488E5000866CA /* LaunchScreen.storyboard in Resources */ = {isa = PBXBuildFile; fileRef = A16CE7132A9488E5000866CA /* LaunchScreen.storyboard */; };
		A16CE7202A948BA7000866CA /* NetworkManager.swift in Sources */ = {isa = PBXBuildFile; fileRef = A16CE71F2A948BA7000866CA /* NetworkManager.swift */; };
		A16CE7232A948D3B000866CA /* RussiaLossesPersonnel.swift in Sources */ = {isa = PBXBuildFile; fileRef = A16CE7222A948D3B000866CA /* RussiaLossesPersonnel.swift */; };
		A16CE7252A94A63A000866CA /* RussiaLossesEquipment.swift in Sources */ = {isa = PBXBuildFile; fileRef = A16CE7242A94A63A000866CA /* RussiaLossesEquipment.swift */; };
		A1BBED572A94E8D900125BB5 /* RussiaLossesEquipmentCorrection.swift in Sources */ = {isa = PBXBuildFile; fileRef = A1BBED562A94E8D900125BB5 /* RussiaLossesEquipmentCorrection.swift */; };
		A1BBED592A94E8E800125BB5 /* RussiaLossesEquipmentOryx.swift in Sources */ = {isa = PBXBuildFile; fileRef = A1BBED582A94E8E800125BB5 /* RussiaLossesEquipmentOryx.swift */; };
		A1BBED5C2A94EFD800125BB5 /* CollectionView.swift in Sources */ = {isa = PBXBuildFile; fileRef = A1BBED5B2A94EFD800125BB5 /* CollectionView.swift */; };
		A1BBED642A94F25300125BB5 /* DataAndDayCollectionViewCell.swift in Sources */ = {isa = PBXBuildFile; fileRef = A1BBED622A94F25300125BB5 /* DataAndDayCollectionViewCell.swift */; };
		A1BBED652A94F25300125BB5 /* DataAndDayCollectionViewCell.xib in Resources */ = {isa = PBXBuildFile; fileRef = A1BBED632A94F25300125BB5 /* DataAndDayCollectionViewCell.xib */; };
		A1BBED682A94F59100125BB5 /* AllStatistic + extension.swift in Sources */ = {isa = PBXBuildFile; fileRef = A1BBED672A94F59100125BB5 /* AllStatistic + extension.swift */; };
		A1BBED6A2A95063600125BB5 /* StatisticForOneDay.swift in Sources */ = {isa = PBXBuildFile; fileRef = A1BBED692A95063600125BB5 /* StatisticForOneDay.swift */; };
		A1BBED702A95159100125BB5 /* StatisticForOneDay + extension.swift in Sources */ = {isa = PBXBuildFile; fileRef = A1BBED6F2A95159100125BB5 /* StatisticForOneDay + extension.swift */; };
		A1BBED732A95322000125BB5 /* ImageAndTextCollectionViewCell.swift in Sources */ = {isa = PBXBuildFile; fileRef = A1BBED712A95322000125BB5 /* ImageAndTextCollectionViewCell.swift */; };
		A1BBED742A95322000125BB5 /* ImageAndTextCollectionViewCell.xib in Resources */ = {isa = PBXBuildFile; fileRef = A1BBED722A95322000125BB5 /* ImageAndTextCollectionViewCell.xib */; };
		A1BBED762A960B2200125BB5 /* MainMenu.swift in Sources */ = {isa = PBXBuildFile; fileRef = A1BBED752A960B2200125BB5 /* MainMenu.swift */; };
		A1BBED782A9669B100125BB5 /* AudioPlayer.swift in Sources */ = {isa = PBXBuildFile; fileRef = A1BBED772A9669B100125BB5 /* AudioPlayer.swift */; };
		A1F02BA42A98D42B003053FA /* MainMenu + extension.swift in Sources */ = {isa = PBXBuildFile; fileRef = A1F02BA32A98D42B003053FA /* MainMenu + extension.swift */; };
		A1F02BA62A98DCCB003053FA /* ViewController.swift in Sources */ = {isa = PBXBuildFile; fileRef = A1F02BA52A98DCCB003053FA /* ViewController.swift */; };
		A1F02BAA2A991FD3003053FA /* LostMilitaryEquipment.swift in Sources */ = {isa = PBXBuildFile; fileRef = A1F02BA92A991FD3003053FA /* LostMilitaryEquipment.swift */; };
		A1F02BAC2A9920CE003053FA /* LostMilitaryEquipment + extension.swift in Sources */ = {isa = PBXBuildFile; fileRef = A1F02BAB2A9920CE003053FA /* LostMilitaryEquipment + extension.swift */; };
		A1F02BB12A9922D1003053FA /* FiveLabelCollectionViewCell.swift in Sources */ = {isa = PBXBuildFile; fileRef = A1F02BAF2A9922D1003053FA /* FiveLabelCollectionViewCell.swift */; };
		A1F02BB22A9922D1003053FA /* FiveLabelCollectionViewCell.xib in Resources */ = {isa = PBXBuildFile; fileRef = A1F02BB02A9922D1003053FA /* FiveLabelCollectionViewCell.xib */; };
		A1F02BB52A9A2B0F003053FA /* Enums.swift in Sources */ = {isa = PBXBuildFile; fileRef = A1F02BB42A9A2B0F003053FA /* Enums.swift */; };
		A1F02BB92A9B7B6A003053FA /* Music.mp3 in Resources */ = {isa = PBXBuildFile; fileRef = A1F02BB82A9B7B6A003053FA /* Music.mp3 */; };
/* End PBXBuildFile section */

/* Begin PBXFileReference section */
		A16CE7052A9488E3000866CA /* TestTaskMacPaw.app */ = {isa = PBXFileReference; explicitFileType = wrapper.application; includeInIndex = 0; path = TestTaskMacPaw.app; sourceTree = BUILT_PRODUCTS_DIR; };
		A16CE7082A9488E3000866CA /* AppDelegate.swift */ = {isa = PBXFileReference; lastKnownFileType = sourcecode.swift; path = AppDelegate.swift; sourceTree = "<group>"; };
		A16CE70A2A9488E3000866CA /* SceneDelegate.swift */ = {isa = PBXFileReference; lastKnownFileType = sourcecode.swift; path = SceneDelegate.swift; sourceTree = "<group>"; };
		A16CE70C2A9488E3000866CA /* AllStatistics.swift */ = {isa = PBXFileReference; lastKnownFileType = sourcecode.swift; path = AllStatistics.swift; sourceTree = "<group>"; };
		A16CE70F2A9488E3000866CA /* Base */ = {isa = PBXFileReference; lastKnownFileType = file.storyboard; name = Base; path = Base.lproj/Main.storyboard; sourceTree = "<group>"; };
		A16CE7112A9488E5000866CA /* Assets.xcassets */ = {isa = PBXFileReference; lastKnownFileType = folder.assetcatalog; path = Assets.xcassets; sourceTree = "<group>"; };
		A16CE7142A9488E5000866CA /* Base */ = {isa = PBXFileReference; lastKnownFileType = file.storyboard; name = Base; path = Base.lproj/LaunchScreen.storyboard; sourceTree = "<group>"; };
		A16CE7162A9488E5000866CA /* Info.plist */ = {isa = PBXFileReference; lastKnownFileType = text.plist.xml; path = Info.plist; sourceTree = "<group>"; };
		A16CE71F2A948BA7000866CA /* NetworkManager.swift */ = {isa = PBXFileReference; lastKnownFileType = sourcecode.swift; path = NetworkManager.swift; sourceTree = "<group>"; };
		A16CE7222A948D3B000866CA /* RussiaLossesPersonnel.swift */ = {isa = PBXFileReference; lastKnownFileType = sourcecode.swift; path = RussiaLossesPersonnel.swift; sourceTree = "<group>"; };
		A16CE7242A94A63A000866CA /* RussiaLossesEquipment.swift */ = {isa = PBXFileReference; lastKnownFileType = sourcecode.swift; path = RussiaLossesEquipment.swift; sourceTree = "<group>"; };
		A1BBED562A94E8D900125BB5 /* RussiaLossesEquipmentCorrection.swift */ = {isa = PBXFileReference; lastKnownFileType = sourcecode.swift; path = RussiaLossesEquipmentCorrection.swift; sourceTree = "<group>"; };
		A1BBED582A94E8E800125BB5 /* RussiaLossesEquipmentOryx.swift */ = {isa = PBXFileReference; lastKnownFileType = sourcecode.swift; path = RussiaLossesEquipmentOryx.swift; sourceTree = "<group>"; };
		A1BBED5B2A94EFD800125BB5 /* CollectionView.swift */ = {isa = PBXFileReference; lastKnownFileType = sourcecode.swift; path = CollectionView.swift; sourceTree = "<group>"; };
		A1BBED622A94F25300125BB5 /* DataAndDayCollectionViewCell.swift */ = {isa = PBXFileReference; lastKnownFileType = sourcecode.swift; path = DataAndDayCollectionViewCell.swift; sourceTree = "<group>"; };
		A1BBED632A94F25300125BB5 /* DataAndDayCollectionViewCell.xib */ = {isa = PBXFileReference; lastKnownFileType = file.xib; path = DataAndDayCollectionViewCell.xib; sourceTree = "<group>"; };
		A1BBED672A94F59100125BB5 /* AllStatistic + extension.swift */ = {isa = PBXFileReference; lastKnownFileType = sourcecode.swift; path = "AllStatistic + extension.swift"; sourceTree = "<group>"; };
		A1BBED692A95063600125BB5 /* StatisticForOneDay.swift */ = {isa = PBXFileReference; lastKnownFileType = sourcecode.swift; path = StatisticForOneDay.swift; sourceTree = "<group>"; };
		A1BBED6F2A95159100125BB5 /* StatisticForOneDay + extension.swift */ = {isa = PBXFileReference; lastKnownFileType = sourcecode.swift; path = "StatisticForOneDay + extension.swift"; sourceTree = "<group>"; };
		A1BBED712A95322000125BB5 /* ImageAndTextCollectionViewCell.swift */ = {isa = PBXFileReference; lastKnownFileType = sourcecode.swift; path = ImageAndTextCollectionViewCell.swift; sourceTree = "<group>"; };
		A1BBED722A95322000125BB5 /* ImageAndTextCollectionViewCell.xib */ = {isa = PBXFileReference; lastKnownFileType = file.xib; path = ImageAndTextCollectionViewCell.xib; sourceTree = "<group>"; };
		A1BBED752A960B2200125BB5 /* MainMenu.swift */ = {isa = PBXFileReference; lastKnownFileType = sourcecode.swift; path = MainMenu.swift; sourceTree = "<group>"; };
		A1BBED772A9669B100125BB5 /* AudioPlayer.swift */ = {isa = PBXFileReference; lastKnownFileType = sourcecode.swift; path = AudioPlayer.swift; sourceTree = "<group>"; };
		A1F02BA32A98D42B003053FA /* MainMenu + extension.swift */ = {isa = PBXFileReference; lastKnownFileType = sourcecode.swift; path = "MainMenu + extension.swift"; sourceTree = "<group>"; };
		A1F02BA52A98DCCB003053FA /* ViewController.swift */ = {isa = PBXFileReference; lastKnownFileType = sourcecode.swift; path = ViewController.swift; sourceTree = "<group>"; };
		A1F02BA92A991FD3003053FA /* LostMilitaryEquipment.swift */ = {isa = PBXFileReference; lastKnownFileType = sourcecode.swift; path = LostMilitaryEquipment.swift; sourceTree = "<group>"; };
		A1F02BAB2A9920CE003053FA /* LostMilitaryEquipment + extension.swift */ = {isa = PBXFileReference; lastKnownFileType = sourcecode.swift; path = "LostMilitaryEquipment + extension.swift"; sourceTree = "<group>"; };
		A1F02BAF2A9922D1003053FA /* FiveLabelCollectionViewCell.swift */ = {isa = PBXFileReference; lastKnownFileType = sourcecode.swift; path = FiveLabelCollectionViewCell.swift; sourceTree = "<group>"; };
		A1F02BB02A9922D1003053FA /* FiveLabelCollectionViewCell.xib */ = {isa = PBXFileReference; lastKnownFileType = file.xib; path = FiveLabelCollectionViewCell.xib; sourceTree = "<group>"; };
		A1F02BB42A9A2B0F003053FA /* Enums.swift */ = {isa = PBXFileReference; lastKnownFileType = sourcecode.swift; path = Enums.swift; sourceTree = "<group>"; };
		A1F02BB82A9B7B6A003053FA /* Music.mp3 */ = {isa = PBXFileReference; lastKnownFileType = audio.mp3; path = Music.mp3; sourceTree = "<group>"; };
/* End PBXFileReference section */

/* Begin PBXFrameworksBuildPhase section */
		A16CE7022A9488E3000866CA /* Frameworks */ = {
			isa = PBXFrameworksBuildPhase;
			buildActionMask = 2147483647;
			files = (
			);
			runOnlyForDeploymentPostprocessing = 0;
		};
/* End PBXFrameworksBuildPhase section */

/* Begin PBXGroup section */
		A16CE6FC2A9488E3000866CA = {
			isa = PBXGroup;
			children = (
				A16CE7072A9488E3000866CA /* TestTaskMacPaw */,
				A16CE7062A9488E3000866CA /* Products */,
			);
			sourceTree = "<group>";
		};
		A16CE7062A9488E3000866CA /* Products */ = {
			isa = PBXGroup;
			children = (
				A16CE7052A9488E3000866CA /* TestTaskMacPaw.app */,
			);
			name = Products;
			sourceTree = "<group>";
		};
		A16CE7072A9488E3000866CA /* TestTaskMacPaw */ = {
			isa = PBXGroup;
			children = (
				A1F02BBC2A9B9D2F003053FA /* AudioPlayer */,
				A1F02BB32A9A2AFB003053FA /* Enums */,
				A1BBED5A2A94EFC600125BB5 /* Views */,
				A16CE71D2A948B77000866CA /* ViewControllers */,
				A1BBED662A94F56100125BB5 /* Extension */,
				A16CE71E2A948B84000866CA /* NetworkManager */,
				A16CE7212A948D29000866CA /* Models */,
				A16CE71C2A948B69000866CA /* Resource */,
				A16CE7162A9488E5000866CA /* Info.plist */,
			);
			path = TestTaskMacPaw;
			sourceTree = "<group>";
		};
		A16CE71C2A948B69000866CA /* Resource */ = {
			isa = PBXGroup;
			children = (
				A16CE7082A9488E3000866CA /* AppDelegate.swift */,
				A16CE70A2A9488E3000866CA /* SceneDelegate.swift */,
				A16CE70E2A9488E3000866CA /* Main.storyboard */,
				A16CE7112A9488E5000866CA /* Assets.xcassets */,
				A16CE7132A9488E5000866CA /* LaunchScreen.storyboard */,
			);
			path = Resource;
			sourceTree = "<group>";
		};
		A16CE71D2A948B77000866CA /* ViewControllers */ = {
			isa = PBXGroup;
			children = (
				A1F02BA52A98DCCB003053FA /* ViewController.swift */,
				A1BBED752A960B2200125BB5 /* MainMenu.swift */,
				A16CE70C2A9488E3000866CA /* AllStatistics.swift */,
				A1BBED692A95063600125BB5 /* StatisticForOneDay.swift */,
				A1F02BA92A991FD3003053FA /* LostMilitaryEquipment.swift */,
			);
			path = ViewControllers;
			sourceTree = "<group>";
		};
		A16CE71E2A948B84000866CA /* NetworkManager */ = {
			isa = PBXGroup;
			children = (
				A16CE71F2A948BA7000866CA /* NetworkManager.swift */,
			);
			path = NetworkManager;
			sourceTree = "<group>";
		};
		A16CE7212A948D29000866CA /* Models */ = {
			isa = PBXGroup;
			children = (
				A16CE7222A948D3B000866CA /* RussiaLossesPersonnel.swift */,
				A16CE7242A94A63A000866CA /* RussiaLossesEquipment.swift */,
				A1BBED562A94E8D900125BB5 /* RussiaLossesEquipmentCorrection.swift */,
				A1BBED582A94E8E800125BB5 /* RussiaLossesEquipmentOryx.swift */,
			);
			path = Models;
			sourceTree = "<group>";
		};
		A1BBED5A2A94EFC600125BB5 /* Views */ = {
			isa = PBXGroup;
			children = (
				A1BBED5B2A94EFD800125BB5 /* CollectionView.swift */,
				A1BBED612A94F0ED00125BB5 /* CollectionViewCell */,
			);
			path = Views;
			sourceTree = "<group>";
		};
		A1BBED612A94F0ED00125BB5 /* CollectionViewCell */ = {
			isa = PBXGroup;
			children = (
				A1BBED622A94F25300125BB5 /* DataAndDayCollectionViewCell.swift */,
				A1BBED632A94F25300125BB5 /* DataAndDayCollectionViewCell.xib */,
				A1BBED712A95322000125BB5 /* ImageAndTextCollectionViewCell.swift */,
				A1BBED722A95322000125BB5 /* ImageAndTextCollectionViewCell.xib */,
				A1F02BAF2A9922D1003053FA /* FiveLabelCollectionViewCell.swift */,
				A1F02BB02A9922D1003053FA /* FiveLabelCollectionViewCell.xib */,
			);
			path = CollectionViewCell;
			sourceTree = "<group>";
		};
		A1BBED662A94F56100125BB5 /* Extension */ = {
			isa = PBXGroup;
			children = (
				A1F02BA32A98D42B003053FA /* MainMenu + extension.swift */,
				A1BBED672A94F59100125BB5 /* AllStatistic + extension.swift */,
				A1BBED6F2A95159100125BB5 /* StatisticForOneDay + extension.swift */,
				A1F02BAB2A9920CE003053FA /* LostMilitaryEquipment + extension.swift */,
			);
			path = Extension;
			sourceTree = "<group>";
		};
		A1F02BB32A9A2AFB003053FA /* Enums */ = {
			isa = PBXGroup;
			children = (
				A1F02BB42A9A2B0F003053FA /* Enums.swift */,
			);
			path = Enums;
			sourceTree = "<group>";
		};
		A1F02BBC2A9B9D2F003053FA /* AudioPlayer */ = {
			isa = PBXGroup;
			children = (
				A1BBED772A9669B100125BB5 /* AudioPlayer.swift */,
				A1F02BB82A9B7B6A003053FA /* Music.mp3 */,
			);
			path = AudioPlayer;
			sourceTree = "<group>";
		};
/* End PBXGroup section */

/* Begin PBXNativeTarget section */
		A16CE7042A9488E3000866CA /* TestTaskMacPaw */ = {
			isa = PBXNativeTarget;
			buildConfigurationList = A16CE7192A9488E5000866CA /* Build configuration list for PBXNativeTarget "TestTaskMacPaw" */;
			buildPhases = (
				A16CE7012A9488E3000866CA /* Sources */,
				A16CE7022A9488E3000866CA /* Frameworks */,
				A16CE7032A9488E3000866CA /* Resources */,
			);
			buildRules = (
			);
			dependencies = (
			);
			name = TestTaskMacPaw;
			productName = TestTaskMacPaw;
			productReference = A16CE7052A9488E3000866CA /* TestTaskMacPaw.app */;
			productType = "com.apple.product-type.application";
		};
/* End PBXNativeTarget section */

/* Begin PBXProject section */
		A16CE6FD2A9488E3000866CA /* Project object */ = {
			isa = PBXProject;
			attributes = {
				BuildIndependentTargetsInParallel = 1;
				LastSwiftUpdateCheck = 1430;
				LastUpgradeCheck = 1430;
				TargetAttributes = {
					A16CE7042A9488E3000866CA = {
						CreatedOnToolsVersion = 14.3.1;
					};
				};
			};
			buildConfigurationList = A16CE7002A9488E3000866CA /* Build configuration list for PBXProject "TestTaskMacPaw" */;
			compatibilityVersion = "Xcode 14.0";
			developmentRegion = en;
			hasScannedForEncodings = 0;
			knownRegions = (
				en,
				Base,
			);
			mainGroup = A16CE6FC2A9488E3000866CA;
			productRefGroup = A16CE7062A9488E3000866CA /* Products */;
			projectDirPath = "";
			projectRoot = "";
			targets = (
				A16CE7042A9488E3000866CA /* TestTaskMacPaw */,
			);
		};
/* End PBXProject section */

/* Begin PBXResourcesBuildPhase section */
		A16CE7032A9488E3000866CA /* Resources */ = {
			isa = PBXResourcesBuildPhase;
			buildActionMask = 2147483647;
			files = (
				A16CE7152A9488E5000866CA /* LaunchScreen.storyboard in Resources */,
				A16CE7122A9488E5000866CA /* Assets.xcassets in Resources */,
				A1F02BB92A9B7B6A003053FA /* Music.mp3 in Resources */,
				A1BBED742A95322000125BB5 /* ImageAndTextCollectionViewCell.xib in Resources */,
				A1F02BB22A9922D1003053FA /* FiveLabelCollectionViewCell.xib in Resources */,
				A1BBED652A94F25300125BB5 /* DataAndDayCollectionViewCell.xib in Resources */,
				A16CE7102A9488E3000866CA /* Main.storyboard in Resources */,
			);
			runOnlyForDeploymentPostprocessing = 0;
		};
/* End PBXResourcesBuildPhase section */

/* Begin PBXSourcesBuildPhase section */
		A16CE7012A9488E3000866CA /* Sources */ = {
			isa = PBXSourcesBuildPhase;
			buildActionMask = 2147483647;
			files = (
				A1BBED5C2A94EFD800125BB5 /* CollectionView.swift in Sources */,
				A1F02BA62A98DCCB003053FA /* ViewController.swift in Sources */,
				A1BBED682A94F59100125BB5 /* AllStatistic + extension.swift in Sources */,
				A1BBED642A94F25300125BB5 /* DataAndDayCollectionViewCell.swift in Sources */,
				A16CE7202A948BA7000866CA /* NetworkManager.swift in Sources */,
				A1F02BAC2A9920CE003053FA /* LostMilitaryEquipment + extension.swift in Sources */,
				A1BBED572A94E8D900125BB5 /* RussiaLossesEquipmentCorrection.swift in Sources */,
				A1F02BA42A98D42B003053FA /* MainMenu + extension.swift in Sources */,
				A1BBED702A95159100125BB5 /* StatisticForOneDay + extension.swift in Sources */,
				A1BBED762A960B2200125BB5 /* MainMenu.swift in Sources */,
				A16CE70D2A9488E3000866CA /* AllStatistics.swift in Sources */,
				A1F02BAA2A991FD3003053FA /* LostMilitaryEquipment.swift in Sources */,
				A1BBED6A2A95063600125BB5 /* StatisticForOneDay.swift in Sources */,
				A16CE7232A948D3B000866CA /* RussiaLossesPersonnel.swift in Sources */,
				A16CE7092A9488E3000866CA /* AppDelegate.swift in Sources */,
				A16CE7252A94A63A000866CA /* RussiaLossesEquipment.swift in Sources */,
				A16CE70B2A9488E3000866CA /* SceneDelegate.swift in Sources */,
				A1F02BB12A9922D1003053FA /* FiveLabelCollectionViewCell.swift in Sources */,
				A1BBED592A94E8E800125BB5 /* RussiaLossesEquipmentOryx.swift in Sources */,
				A1BBED732A95322000125BB5 /* ImageAndTextCollectionViewCell.swift in Sources */,
				A1BBED782A9669B100125BB5 /* AudioPlayer.swift in Sources */,
				A1F02BB52A9A2B0F003053FA /* Enums.swift in Sources */,
			);
			runOnlyForDeploymentPostprocessing = 0;
		};
/* End PBXSourcesBuildPhase section */

/* Begin PBXVariantGroup section */
		A16CE70E2A9488E3000866CA /* Main.storyboard */ = {
			isa = PBXVariantGroup;
			children = (
				A16CE70F2A9488E3000866CA /* Base */,
			);
			name = Main.storyboard;
			sourceTree = "<group>";
		};
		A16CE7132A9488E5000866CA /* LaunchScreen.storyboard */ = {
			isa = PBXVariantGroup;
			children = (
				A16CE7142A9488E5000866CA /* Base */,
			);
			name = LaunchScreen.storyboard;
			sourceTree = "<group>";
		};
/* End PBXVariantGroup section */

/* Begin XCBuildConfiguration section */
		A16CE7172A9488E5000866CA /* Debug */ = {
			isa = XCBuildConfiguration;
			buildSettings = {
				ALWAYS_SEARCH_USER_PATHS = NO;
				CLANG_ANALYZER_NONNULL = YES;
				CLANG_ANALYZER_NUMBER_OBJECT_CONVERSION = YES_AGGRESSIVE;
				CLANG_CXX_LANGUAGE_STANDARD = "gnu++20";
				CLANG_ENABLE_MODULES = YES;
				CLANG_ENABLE_OBJC_ARC = YES;
				CLANG_ENABLE_OBJC_WEAK = YES;
				CLANG_WARN_BLOCK_CAPTURE_AUTORELEASING = YES;
				CLANG_WARN_BOOL_CONVERSION = YES;
				CLANG_WARN_COMMA = YES;
				CLANG_WARN_CONSTANT_CONVERSION = YES;
				CLANG_WARN_DEPRECATED_OBJC_IMPLEMENTATIONS = YES;
				CLANG_WARN_DIRECT_OBJC_ISA_USAGE = YES_ERROR;
				CLANG_WARN_DOCUMENTATION_COMMENTS = YES;
				CLANG_WARN_EMPTY_BODY = YES;
				CLANG_WARN_ENUM_CONVERSION = YES;
				CLANG_WARN_INFINITE_RECURSION = YES;
				CLANG_WARN_INT_CONVERSION = YES;
				CLANG_WARN_NON_LITERAL_NULL_CONVERSION = YES;
				CLANG_WARN_OBJC_IMPLICIT_RETAIN_SELF = YES;
				CLANG_WARN_OBJC_LITERAL_CONVERSION = YES;
				CLANG_WARN_OBJC_ROOT_CLASS = YES_ERROR;
				CLANG_WARN_QUOTED_INCLUDE_IN_FRAMEWORK_HEADER = YES;
				CLANG_WARN_RANGE_LOOP_ANALYSIS = YES;
				CLANG_WARN_STRICT_PROTOTYPES = YES;
				CLANG_WARN_SUSPICIOUS_MOVE = YES;
				CLANG_WARN_UNGUARDED_AVAILABILITY = YES_AGGRESSIVE;
				CLANG_WARN_UNREACHABLE_CODE = YES;
				CLANG_WARN__DUPLICATE_METHOD_MATCH = YES;
				COPY_PHASE_STRIP = NO;
				DEBUG_INFORMATION_FORMAT = dwarf;
				ENABLE_STRICT_OBJC_MSGSEND = YES;
				ENABLE_TESTABILITY = YES;
				GCC_C_LANGUAGE_STANDARD = gnu11;
				GCC_DYNAMIC_NO_PIC = NO;
				GCC_NO_COMMON_BLOCKS = YES;
				GCC_OPTIMIZATION_LEVEL = 0;
				GCC_PREPROCESSOR_DEFINITIONS = (
					"DEBUG=1",
					"$(inherited)",
				);
				GCC_WARN_64_TO_32_BIT_CONVERSION = YES;
				GCC_WARN_ABOUT_RETURN_TYPE = YES_ERROR;
				GCC_WARN_UNDECLARED_SELECTOR = YES;
				GCC_WARN_UNINITIALIZED_AUTOS = YES_AGGRESSIVE;
				GCC_WARN_UNUSED_FUNCTION = YES;
				GCC_WARN_UNUSED_VARIABLE = YES;
				IPHONEOS_DEPLOYMENT_TARGET = 16.4;
				MTL_ENABLE_DEBUG_INFO = INCLUDE_SOURCE;
				MTL_FAST_MATH = YES;
				ONLY_ACTIVE_ARCH = YES;
				SDKROOT = iphoneos;
				SWIFT_ACTIVE_COMPILATION_CONDITIONS = DEBUG;
				SWIFT_OPTIMIZATION_LEVEL = "-Onone";
			};
			name = Debug;
		};
		A16CE7182A9488E5000866CA /* Release */ = {
			isa = XCBuildConfiguration;
			buildSettings = {
				ALWAYS_SEARCH_USER_PATHS = NO;
				CLANG_ANALYZER_NONNULL = YES;
				CLANG_ANALYZER_NUMBER_OBJECT_CONVERSION = YES_AGGRESSIVE;
				CLANG_CXX_LANGUAGE_STANDARD = "gnu++20";
				CLANG_ENABLE_MODULES = YES;
				CLANG_ENABLE_OBJC_ARC = YES;
				CLANG_ENABLE_OBJC_WEAK = YES;
				CLANG_WARN_BLOCK_CAPTURE_AUTORELEASING = YES;
				CLANG_WARN_BOOL_CONVERSION = YES;
				CLANG_WARN_COMMA = YES;
				CLANG_WARN_CONSTANT_CONVERSION = YES;
				CLANG_WARN_DEPRECATED_OBJC_IMPLEMENTATIONS = YES;
				CLANG_WARN_DIRECT_OBJC_ISA_USAGE = YES_ERROR;
				CLANG_WARN_DOCUMENTATION_COMMENTS = YES;
				CLANG_WARN_EMPTY_BODY = YES;
				CLANG_WARN_ENUM_CONVERSION = YES;
				CLANG_WARN_INFINITE_RECURSION = YES;
				CLANG_WARN_INT_CONVERSION = YES;
				CLANG_WARN_NON_LITERAL_NULL_CONVERSION = YES;
				CLANG_WARN_OBJC_IMPLICIT_RETAIN_SELF = YES;
				CLANG_WARN_OBJC_LITERAL_CONVERSION = YES;
				CLANG_WARN_OBJC_ROOT_CLASS = YES_ERROR;
				CLANG_WARN_QUOTED_INCLUDE_IN_FRAMEWORK_HEADER = YES;
				CLANG_WARN_RANGE_LOOP_ANALYSIS = YES;
				CLANG_WARN_STRICT_PROTOTYPES = YES;
				CLANG_WARN_SUSPICIOUS_MOVE = YES;
				CLANG_WARN_UNGUARDED_AVAILABILITY = YES_AGGRESSIVE;
				CLANG_WARN_UNREACHABLE_CODE = YES;
				CLANG_WARN__DUPLICATE_METHOD_MATCH = YES;
				COPY_PHASE_STRIP = NO;
				DEBUG_INFORMATION_FORMAT = "dwarf-with-dsym";
				ENABLE_NS_ASSERTIONS = NO;
				ENABLE_STRICT_OBJC_MSGSEND = YES;
				GCC_C_LANGUAGE_STANDARD = gnu11;
				GCC_NO_COMMON_BLOCKS = YES;
				GCC_WARN_64_TO_32_BIT_CONVERSION = YES;
				GCC_WARN_ABOUT_RETURN_TYPE = YES_ERROR;
				GCC_WARN_UNDECLARED_SELECTOR = YES;
				GCC_WARN_UNINITIALIZED_AUTOS = YES_AGGRESSIVE;
				GCC_WARN_UNUSED_FUNCTION = YES;
				GCC_WARN_UNUSED_VARIABLE = YES;
				IPHONEOS_DEPLOYMENT_TARGET = 16.4;
				MTL_ENABLE_DEBUG_INFO = NO;
				MTL_FAST_MATH = YES;
				SDKROOT = iphoneos;
				SWIFT_COMPILATION_MODE = wholemodule;
				SWIFT_OPTIMIZATION_LEVEL = "-O";
				VALIDATE_PRODUCT = YES;
			};
			name = Release;
		};
		A16CE71A2A9488E5000866CA /* Debug */ = {
			isa = XCBuildConfiguration;
			buildSettings = {
				ASSETCATALOG_COMPILER_APPICON_NAME = AppIcon;
				ASSETCATALOG_COMPILER_GLOBAL_ACCENT_COLOR_NAME = AccentColor;
				CODE_SIGN_STYLE = Automatic;
				CURRENT_PROJECT_VERSION = 1;
				GENERATE_INFOPLIST_FILE = YES;
				INFOPLIST_FILE = TestTaskMacPaw/Info.plist;
				INFOPLIST_KEY_UIApplicationSupportsIndirectInputEvents = YES;
				INFOPLIST_KEY_UILaunchStoryboardName = LaunchScreen.storyboard;
				INFOPLIST_KEY_UIMainStoryboardFile = Main;
				INFOPLIST_KEY_UISupportedInterfaceOrientations = UIInterfaceOrientationPortrait;
				INFOPLIST_KEY_UISupportedInterfaceOrientations_iPad = "UIInterfaceOrientationLandscapeLeft UIInterfaceOrientationLandscapeRight UIInterfaceOrientationPortrait UIInterfaceOrientationPortraitUpsideDown";
				LD_RUNPATH_SEARCH_PATHS = (
					"$(inherited)",
					"@executable_path/Frameworks",
				);
				MARKETING_VERSION = 1.0;
				PRODUCT_BUNDLE_IDENTIFIER = Seheida.TestTaskMacPaw;
				PRODUCT_NAME = "$(TARGET_NAME)";
				SUPPORTED_PLATFORMS = "iphoneos iphonesimulator";
				SUPPORTS_MACCATALYST = NO;
				SUPPORTS_MAC_DESIGNED_FOR_IPHONE_IPAD = NO;
				SWIFT_EMIT_LOC_STRINGS = YES;
				SWIFT_VERSION = 5.0;
				TARGETED_DEVICE_FAMILY = 1;
			};
			name = Debug;
		};
		A16CE71B2A9488E5000866CA /* Release */ = {
			isa = XCBuildConfiguration;
			buildSettings = {
				ASSETCATALOG_COMPILER_APPICON_NAME = AppIcon;
				ASSETCATALOG_COMPILER_GLOBAL_ACCENT_COLOR_NAME = AccentColor;
				CODE_SIGN_STYLE = Automatic;
				CURRENT_PROJECT_VERSION = 1;
				GENERATE_INFOPLIST_FILE = YES;
				INFOPLIST_FILE = TestTaskMacPaw/Info.plist;
				INFOPLIST_KEY_UIApplicationSupportsIndirectInputEvents = YES;
				INFOPLIST_KEY_UILaunchStoryboardName = LaunchScreen.storyboard;
				INFOPLIST_KEY_UIMainStoryboardFile = Main;
				INFOPLIST_KEY_UISupportedInterfaceOrientations = UIInterfaceOrientationPortrait;
				INFOPLIST_KEY_UISupportedInterfaceOrientations_iPad = "UIInterfaceOrientationLandscapeLeft UIInterfaceOrientationLandscapeRight UIInterfaceOrientationPortrait UIInterfaceOrientationPortraitUpsideDown";
				LD_RUNPATH_SEARCH_PATHS = (
					"$(inherited)",
					"@executable_path/Frameworks",
				);
				MARKETING_VERSION = 1.0;
				PRODUCT_BUNDLE_IDENTIFIER = Seheida.TestTaskMacPaw;
				PRODUCT_NAME = "$(TARGET_NAME)";
				SUPPORTED_PLATFORMS = "iphoneos iphonesimulator";
				SUPPORTS_MACCATALYST = NO;
				SUPPORTS_MAC_DESIGNED_FOR_IPHONE_IPAD = NO;
				SWIFT_EMIT_LOC_STRINGS = YES;
				SWIFT_VERSION = 5.0;
				TARGETED_DEVICE_FAMILY = 1;
			};
			name = Release;
		};
/* End XCBuildConfiguration section */

/* Begin XCConfigurationList section */
		A16CE7002A9488E3000866CA /* Build configuration list for PBXProject "TestTaskMacPaw" */ = {
			isa = XCConfigurationList;
			buildConfigurations = (
				A16CE7172A9488E5000866CA /* Debug */,
				A16CE7182A9488E5000866CA /* Release */,
			);
			defaultConfigurationIsVisible = 0;
			defaultConfigurationName = Release;
		};
		A16CE7192A9488E5000866CA /* Build configuration list for PBXNativeTarget "TestTaskMacPaw" */ = {
			isa = XCConfigurationList;
			buildConfigurations = (
				A16CE71A2A9488E5000866CA /* Debug */,
				A16CE71B2A9488E5000866CA /* Release */,
			);
			defaultConfigurationIsVisible = 0;
			defaultConfigurationName = Release;
		};
/* End XCConfigurationList section */
	};
	rootObject = A16CE6FD2A9488E3000866CA /* Project object */;
}
